// !$*UTF8*$!
{
	archiveVersion = 1;
	classes = {
	};
	objectVersion = 46;
	objects = {

/* Begin PBXBuildFile section */
		B0ED5FD4194C0FD500263616 /* Foundation.framework in Frameworks */ = {isa = PBXBuildFile; fileRef = B0ED5FD3194C0FD500263616 /* Foundation.framework */; };
		B0ED5FD6194C0FD500263616 /* CoreGraphics.framework in Frameworks */ = {isa = PBXBuildFile; fileRef = B0ED5FD5194C0FD500263616 /* CoreGraphics.framework */; };
		B0ED5FD8194C0FD500263616 /* UIKit.framework in Frameworks */ = {isa = PBXBuildFile; fileRef = B0ED5FD7194C0FD500263616 /* UIKit.framework */; };
		B0ED5FDE194C0FD500263616 /* InfoPlist.strings in Resources */ = {isa = PBXBuildFile; fileRef = B0ED5FDC194C0FD500263616 /* InfoPlist.strings */; };
		B0ED5FE0194C0FD500263616 /* main.m in Sources */ = {isa = PBXBuildFile; fileRef = B0ED5FDF194C0FD500263616 /* main.m */; };
		B0ED5FE4194C0FD500263616 /* MBAppDelegate.m in Sources */ = {isa = PBXBuildFile; fileRef = B0ED5FE3194C0FD500263616 /* MBAppDelegate.m */; };
		B0ED5FE7194C0FD500263616 /* Main.storyboard in Resources */ = {isa = PBXBuildFile; fileRef = B0ED5FE5194C0FD500263616 /* Main.storyboard */; };
		B0ED5FEA194C0FD500263616 /* MBViewController.m in Sources */ = {isa = PBXBuildFile; fileRef = B0ED5FE9194C0FD500263616 /* MBViewController.m */; };
		B0ED5FEC194C0FD500263616 /* Images.xcassets in Resources */ = {isa = PBXBuildFile; fileRef = B0ED5FEB194C0FD500263616 /* Images.xcassets */; };
		B0ED5FF3194C0FD500263616 /* XCTest.framework in Frameworks */ = {isa = PBXBuildFile; fileRef = B0ED5FF2194C0FD500263616 /* XCTest.framework */; };
		B0ED5FF4194C0FD500263616 /* Foundation.framework in Frameworks */ = {isa = PBXBuildFile; fileRef = B0ED5FD3194C0FD500263616 /* Foundation.framework */; };
		B0ED5FF5194C0FD500263616 /* UIKit.framework in Frameworks */ = {isa = PBXBuildFile; fileRef = B0ED5FD7194C0FD500263616 /* UIKit.framework */; };
		B0ED5FFD194C0FD500263616 /* InfoPlist.strings in Resources */ = {isa = PBXBuildFile; fileRef = B0ED5FFB194C0FD500263616 /* InfoPlist.strings */; };
		B0ED5FFF194C0FD500263616 /* Task_ListTests.m in Sources */ = {isa = PBXBuildFile; fileRef = B0ED5FFE194C0FD500263616 /* Task_ListTests.m */; };
/* End PBXBuildFile section */

/* Begin PBXContainerItemProxy section */
		B0ED5FF6194C0FD500263616 /* PBXContainerItemProxy */ = {
			isa = PBXContainerItemProxy;
			containerPortal = B0ED5FC8194C0FD500263616 /* Project object */;
			proxyType = 1;
			remoteGlobalIDString = B0ED5FCF194C0FD500263616;
			remoteInfo = "Task List";
		};
/* End PBXContainerItemProxy section */

/* Begin PBXFileReference section */
		B0ED5FD0194C0FD500263616 /* Task List.app */ = {isa = PBXFileReference; explicitFileType = wrapper.application; includeInIndex = 0; path = "Task List.app"; sourceTree = BUILT_PRODUCTS_DIR; };
		B0ED5FD3194C0FD500263616 /* Foundation.framework */ = {isa = PBXFileReference; lastKnownFileType = wrapper.framework; name = Foundation.framework; path = System/Library/Frameworks/Foundation.framework; sourceTree = SDKROOT; };
		B0ED5FD5194C0FD500263616 /* CoreGraphics.framework */ = {isa = PBXFileReference; lastKnownFileType = wrapper.framework; name = CoreGraphics.framework; path = System/Library/Frameworks/CoreGraphics.framework; sourceTree = SDKROOT; };
		B0ED5FD7194C0FD500263616 /* UIKit.framework */ = {isa = PBXFileReference; lastKnownFileType = wrapper.framework; name = UIKit.framework; path = System/Library/Frameworks/UIKit.framework; sourceTree = SDKROOT; };
		B0ED5FDB194C0FD500263616 /* Task List-Info.plist */ = {isa = PBXFileReference; lastKnownFileType = text.plist.xml; path = "Task List-Info.plist"; sourceTree = "<group>"; };
		B0ED5FDD194C0FD500263616 /* en */ = {isa = PBXFileReference; lastKnownFileType = text.plist.strings; name = en; path = en.lproj/InfoPlist.strings; sourceTree = "<group>"; };
		B0ED5FDF194C0FD500263616 /* main.m */ = {isa = PBXFileReference; lastKnownFileType = sourcecode.c.objc; path = main.m; sourceTree = "<group>"; };
		B0ED5FE1194C0FD500263616 /* Task List-Prefix.pch */ = {isa = PBXFileReference; lastKnownFileType = sourcecode.c.h; path = "Task List-Prefix.pch"; sourceTree = "<group>"; };
		B0ED5FE2194C0FD500263616 /* MBAppDelegate.h */ = {isa = PBXFileReference; lastKnownFileType = sourcecode.c.h; path = MBAppDelegate.h; sourceTree = "<group>"; };
		B0ED5FE3194C0FD500263616 /* MBAppDelegate.m */ = {isa = PBXFileReference; lastKnownFileType = sourcecode.c.objc; path = MBAppDelegate.m; sourceTree = "<group>"; };
		B0ED5FE6194C0FD500263616 /* Base */ = {isa = PBXFileReference; lastKnownFileType = file.storyboard; name = Base; path = Base.lproj/Main.storyboard; sourceTree = "<group>"; };
		B0ED5FE8194C0FD500263616 /* MBViewController.h */ = {isa = PBXFileReference; lastKnownFileType = sourcecode.c.h; path = MBViewController.h; sourceTree = "<group>"; };
		B0ED5FE9194C0FD500263616 /* MBViewController.m */ = {isa = PBXFileReference; lastKnownFileType = sourcecode.c.objc; path = MBViewController.m; sourceTree = "<group>"; };
		B0ED5FEB194C0FD500263616 /* Images.xcassets */ = {isa = PBXFileReference; lastKnownFileType = folder.assetcatalog; path = Images.xcassets; sourceTree = "<group>"; };
		B0ED5FF1194C0FD500263616 /* Task ListTests.xctest */ = {isa = PBXFileReference; explicitFileType = wrapper.cfbundle; includeInIndex = 0; path = "Task ListTests.xctest"; sourceTree = BUILT_PRODUCTS_DIR; };
		B0ED5FF2194C0FD500263616 /* XCTest.framework */ = {isa = PBXFileReference; lastKnownFileType = wrapper.framework; name = XCTest.framework; path = Library/Frameworks/XCTest.framework; sourceTree = DEVELOPER_DIR; };
		B0ED5FFA194C0FD500263616 /* Task ListTests-Info.plist */ = {isa = PBXFileReference; lastKnownFileType = text.plist.xml; path = "Task ListTests-Info.plist"; sourceTree = "<group>"; };
		B0ED5FFC194C0FD500263616 /* en */ = {isa = PBXFileReference; lastKnownFileType = text.plist.strings; name = en; path = en.lproj/InfoPlist.strings; sourceTree = "<group>"; };
		B0ED5FFE194C0FD500263616 /* Task_ListTests.m */ = {isa = PBXFileReference; lastKnownFileType = sourcecode.c.objc; path = Task_ListTests.m; sourceTree = "<group>"; };
/* End PBXFileReference section */

/* Begin PBXFrameworksBuildPhase section */
		B0ED5FCD194C0FD500263616 /* Frameworks */ = {
			isa = PBXFrameworksBuildPhase;
			buildActionMask = 2147483647;
			files = (
				B0ED5FD6194C0FD500263616 /* CoreGraphics.framework in Frameworks */,
				B0ED5FD8194C0FD500263616 /* UIKit.framework in Frameworks */,
				B0ED5FD4194C0FD500263616 /* Foundation.framework in Frameworks */,
			);
			runOnlyForDeploymentPostprocessing = 0;
		};
		B0ED5FEE194C0FD500263616 /* Frameworks */ = {
			isa = PBXFrameworksBuildPhase;
			buildActionMask = 2147483647;
			files = (
				B0ED5FF3194C0FD500263616 /* XCTest.framework in Frameworks */,
				B0ED5FF5194C0FD500263616 /* UIKit.framework in Frameworks */,
				B0ED5FF4194C0FD500263616 /* Foundation.framework in Frameworks */,
			);
			runOnlyForDeploymentPostprocessing = 0;
		};
/* End PBXFrameworksBuildPhase section */

/* Begin PBXGroup section */
		B0ED5FC7194C0FD500263616 = {
			isa = PBXGroup;
			children = (
				B0ED5FD9194C0FD500263616 /* Task List */,
				B0ED5FF8194C0FD500263616 /* Task ListTests */,
				B0ED5FD2194C0FD500263616 /* Frameworks */,
				B0ED5FD1194C0FD500263616 /* Products */,
			);
			sourceTree = "<group>";
		};
		B0ED5FD1194C0FD500263616 /* Products */ = {
			isa = PBXGroup;
			children = (
				B0ED5FD0194C0FD500263616 /* Task List.app */,
				B0ED5FF1194C0FD500263616 /* Task ListTests.xctest */,
			);
			name = Products;
			sourceTree = "<group>";
		};
		B0ED5FD2194C0FD500263616 /* Frameworks */ = {
			isa = PBXGroup;
			children = (
				B0ED5FD3194C0FD500263616 /* Foundation.framework */,
				B0ED5FD5194C0FD500263616 /* CoreGraphics.framework */,
				B0ED5FD7194C0FD500263616 /* UIKit.framework */,
				B0ED5FF2194C0FD500263616 /* XCTest.framework */,
			);
			name = Frameworks;
			sourceTree = "<group>";
		};
		B0ED5FD9194C0FD500263616 /* Task List */ = {
			isa = PBXGroup;
			children = (
				B0ED5FE2194C0FD500263616 /* MBAppDelegate.h */,
				B0ED5FE3194C0FD500263616 /* MBAppDelegate.m */,
				B0ED5FE5194C0FD500263616 /* Main.storyboard */,
				B0ED5FE8194C0FD500263616 /* MBViewController.h */,
				B0ED5FE9194C0FD500263616 /* MBViewController.m */,
				B0ED5FEB194C0FD500263616 /* Images.xcassets */,
				B0ED5FDA194C0FD500263616 /* Supporting Files */,
			);
			path = "Task List";
			sourceTree = "<group>";
		};
		B0ED5FDA194C0FD500263616 /* Supporting Files */ = {
			isa = PBXGroup;
			children = (
				B0ED5FDB194C0FD500263616 /* Task List-Info.plist */,
				B0ED5FDC194C0FD500263616 /* InfoPlist.strings */,
				B0ED5FDF194C0FD500263616 /* main.m */,
				B0ED5FE1194C0FD500263616 /* Task List-Prefix.pch */,
			);
			name = "Supporting Files";
			sourceTree = "<group>";
		};
		B0ED5FF8194C0FD500263616 /* Task ListTests */ = {
			isa = PBXGroup;
			children = (
				B0ED5FFE194C0FD500263616 /* Task_ListTests.m */,
				B0ED5FF9194C0FD500263616 /* Supporting Files */,
			);
			path = "Task ListTests";
			sourceTree = "<group>";
		};
		B0ED5FF9194C0FD500263616 /* Supporting Files */ = {
			isa = PBXGroup;
			children = (
				B0ED5FFA194C0FD500263616 /* Task ListTests-Info.plist */,
				B0ED5FFB194C0FD500263616 /* InfoPlist.strings */,
			);
			name = "Supporting Files";
			sourceTree = "<group>";
		};
/* End PBXGroup section */

/* Begin PBXNativeTarget section */
		B0ED5FCF194C0FD500263616 /* Task List */ = {
			isa = PBXNativeTarget;
			buildConfigurationList = B0ED6002194C0FD500263616 /* Build configuration list for PBXNativeTarget "Task List" */;
			buildPhases = (
				B0ED5FCC194C0FD500263616 /* Sources */,
				B0ED5FCD194C0FD500263616 /* Frameworks */,
				B0ED5FCE194C0FD500263616 /* Resources */,
			);
			buildRules = (
			);
			dependencies = (
			);
			name = "Task List";
			productName = "Task List";
			productReference = B0ED5FD0194C0FD500263616 /* Task List.app */;
			productType = "com.apple.product-type.application";
		};
		B0ED5FF0194C0FD500263616 /* Task ListTests */ = {
			isa = PBXNativeTarget;
			buildConfigurationList = B0ED6005194C0FD500263616 /* Build configuration list for PBXNativeTarget "Task ListTests" */;
			buildPhases = (
				B0ED5FED194C0FD500263616 /* Sources */,
				B0ED5FEE194C0FD500263616 /* Frameworks */,
				B0ED5FEF194C0FD500263616 /* Resources */,
			);
			buildRules = (
			);
			dependencies = (
				B0ED5FF7194C0FD500263616 /* PBXTargetDependency */,
			);
			name = "Task ListTests";
			productName = "Task ListTests";
			productReference = B0ED5FF1194C0FD500263616 /* Task ListTests.xctest */;
			productType = "com.apple.product-type.bundle.unit-test";
		};
/* End PBXNativeTarget section */

/* Begin PBXProject section */
		B0ED5FC8194C0FD500263616 /* Project object */ = {
			isa = PBXProject;
			attributes = {
				CLASSPREFIX = MB;
				LastUpgradeCheck = 0510;
				ORGANIZATIONNAME = "Michael Bloom";
				TargetAttributes = {
					B0ED5FF0194C0FD500263616 = {
						TestTargetID = B0ED5FCF194C0FD500263616;
					};
				};
			};
			buildConfigurationList = B0ED5FCB194C0FD500263616 /* Build configuration list for PBXProject "Task List" */;
			compatibilityVersion = "Xcode 3.2";
			developmentRegion = English;
			hasScannedForEncodings = 0;
			knownRegions = (
				en,
				Base,
			);
			mainGroup = B0ED5FC7194C0FD500263616;
			productRefGroup = B0ED5FD1194C0FD500263616 /* Products */;
			projectDirPath = "";
			projectRoot = "";
			targets = (
				B0ED5FCF194C0FD500263616 /* Task List */,
				B0ED5FF0194C0FD500263616 /* Task ListTests */,
			);
		};
/* End PBXProject section */

/* Begin PBXResourcesBuildPhase section */
		B0ED5FCE194C0FD500263616 /* Resources */ = {
			isa = PBXResourcesBuildPhase;
			buildActionMask = 2147483647;
			files = (
				B0ED5FEC194C0FD500263616 /* Images.xcassets in Resources */,
				B0ED5FDE194C0FD500263616 /* InfoPlist.strings in Resources */,
				B0ED5FE7194C0FD500263616 /* Main.storyboard in Resources */,
			);
			runOnlyForDeploymentPostprocessing = 0;
		};
		B0ED5FEF194C0FD500263616 /* Resources */ = {
			isa = PBXResourcesBuildPhase;
			buildActionMask = 2147483647;
			files = (
				B0ED5FFD194C0FD500263616 /* InfoPlist.strings in Resources */,
			);
			runOnlyForDeploymentPostprocessing = 0;
		};
/* End PBXResourcesBuildPhase section */

/* Begin PBXSourcesBuildPhase section */
		B0ED5FCC194C0FD500263616 /* Sources */ = {
			isa = PBXSourcesBuildPhase;
			buildActionMask = 2147483647;
			files = (
				B0ED5FE0194C0FD500263616 /* main.m in Sources */,
				B0ED5FEA194C0FD500263616 /* MBViewController.m in Sources */,
				B0ED5FE4194C0FD500263616 /* MBAppDelegate.m in Sources */,
			);
			runOnlyForDeploymentPostprocessing = 0;
		};
		B0ED5FED194C0FD500263616 /* Sources */ = {
			isa = PBXSourcesBuildPhase;
			buildActionMask = 2147483647;
			files = (
				B0ED5FFF194C0FD500263616 /* Task_ListTests.m in Sources */,
			);
			runOnlyForDeploymentPostprocessing = 0;
		};
/* End PBXSourcesBuildPhase section */

/* Begin PBXTargetDependency section */
		B0ED5FF7194C0FD500263616 /* PBXTargetDependency */ = {
			isa = PBXTargetDependency;
			target = B0ED5FCF194C0FD500263616 /* Task List */;
			targetProxy = B0ED5FF6194C0FD500263616 /* PBXContainerItemProxy */;
		};
/* End PBXTargetDependency section */

/* Begin PBXVariantGroup section */
		B0ED5FDC194C0FD500263616 /* InfoPlist.strings */ = {
			isa = PBXVariantGroup;
			children = (
				B0ED5FDD194C0FD500263616 /* en */,
			);
			name = InfoPlist.strings;
			sourceTree = "<group>";
		};
		B0ED5FE5194C0FD500263616 /* Main.storyboard */ = {
			isa = PBXVariantGroup;
			children = (
				B0ED5FE6194C0FD500263616 /* Base */,
			);
			name = Main.storyboard;
			sourceTree = "<group>";
		};
		B0ED5FFB194C0FD500263616 /* InfoPlist.strings */ = {
			isa = PBXVariantGroup;
			children = (
				B0ED5FFC194C0FD500263616 /* en */,
			);
			name = InfoPlist.strings;
			sourceTree = "<group>";
		};
/* End PBXVariantGroup section */

/* Begin XCBuildConfiguration section */
		B0ED6000194C0FD500263616 /* Debug */ = {
			isa = XCBuildConfiguration;
			buildSettings = {
				ALWAYS_SEARCH_USER_PATHS = NO;
				CLANG_CXX_LANGUAGE_STANDARD = "gnu++0x";
				CLANG_CXX_LIBRARY = "libc++";
				CLANG_ENABLE_MODULES = YES;
				CLANG_ENABLE_OBJC_ARC = YES;
				CLANG_WARN_BOOL_CONVERSION = YES;
				CLANG_WARN_CONSTANT_CONVERSION = YES;
				CLANG_WARN_DIRECT_OBJC_ISA_USAGE = YES_ERROR;
				CLANG_WARN_EMPTY_BODY = YES;
				CLANG_WARN_ENUM_CONVERSION = YES;
				CLANG_WARN_INT_CONVERSION = YES;
				CLANG_WARN_OBJC_ROOT_CLASS = YES_ERROR;
				CLANG_WARN__DUPLICATE_METHOD_MATCH = YES;
				"CODE_SIGN_IDENTITY[sdk=iphoneos*]" = "iPhone Developer";
				COPY_PHASE_STRIP = NO;
				GCC_C_LANGUAGE_STANDARD = gnu99;
				GCC_DYNAMIC_NO_PIC = NO;
				GCC_OPTIMIZATION_LEVEL = 0;
				GCC_PREPROCESSOR_DEFINITIONS = (
					"DEBUG=1",
					"$(inherited)",
				);
				GCC_SYMBOLS_PRIVATE_EXTERN = NO;
				GCC_WARN_64_TO_32_BIT_CONVERSION = YES;
				GCC_WARN_ABOUT_RETURN_TYPE = YES_ERROR;
				GCC_WARN_UNDECLARED_SELECTOR = YES;
				GCC_WARN_UNINITIALIZED_AUTOS = YES_AGGRESSIVE;
				GCC_WARN_UNUSED_FUNCTION = YES;
				GCC_WARN_UNUSED_VARIABLE = YES;
				IPHONEOS_DEPLOYMENT_TARGET = 7.1;
				ONLY_ACTIVE_ARCH = YES;
				SDKROOT = iphoneos;
			};
			name = Debug;
		};
		B0ED6001194C0FD500263616 /* Release */ = {
			isa = XCBuildConfiguration;
			buildSettings = {
				ALWAYS_SEARCH_USER_PATHS = NO;
				CLANG_CXX_LANGUAGE_STANDARD = "gnu++0x";
				CLANG_CXX_LIBRARY = "libc++";
				CLANG_ENABLE_MODULES = YES;
				CLANG_ENABLE_OBJC_ARC = YES;
				CLANG_WARN_BOOL_CONVERSION = YES;
				CLANG_WARN_CONSTANT_CONVERSION = YES;
				CLANG_WARN_DIRECT_OBJC_ISA_USAGE = YES_ERROR;
				CLANG_WARN_EMPTY_BODY = YES;
				CLANG_WARN_ENUM_CONVERSION = YES;
				CLANG_WARN_INT_CONVERSION = YES;
				CLANG_WARN_OBJC_ROOT_CLASS = YES_ERROR;
				CLANG_WARN__DUPLICATE_METHOD_MATCH = YES;
				"CODE_SIGN_IDENTITY[sdk=iphoneos*]" = "iPhone Developer";
				COPY_PHASE_STRIP = YES;
				ENABLE_NS_ASSERTIONS = NO;
				GCC_C_LANGUAGE_STANDARD = gnu99;
				GCC_WARN_64_TO_32_BIT_CONVERSION = YES;
				GCC_WARN_ABOUT_RETURN_TYPE = YES_ERROR;
				GCC_WARN_UNDECLARED_SELECTOR = YES;
				GCC_WARN_UNINITIALIZED_AUTOS = YES_AGGRESSIVE;
				GCC_WARN_UNUSED_FUNCTION = YES;
				GCC_WARN_UNUSED_VARIABLE = YES;
				IPHONEOS_DEPLOYMENT_TARGET = 7.1;
				SDKROOT = iphoneos;
				VALIDATE_PRODUCT = YES;
			};
			name = Release;
		};
		B0ED6003194C0FD500263616 /* Debug */ = {
			isa = XCBuildConfiguration;
			buildSettings = {
				ASSETCATALOG_COMPILER_APPICON_NAME = AppIcon;
				ASSETCATALOG_COMPILER_LAUNCHIMAGE_NAME = LaunchImage;
				GCC_PRECOMPILE_PREFIX_HEADER = YES;
				GCC_PREFIX_HEADER = "Task List/Task List-Prefix.pch";
				INFOPLIST_FILE = "Task List/Task List-Info.plist";
				PRODUCT_NAME = "$(TARGET_NAME)";
				WRAPPER_EXTENSION = app;
			};
			name = Debug;
		};
		B0ED6004194C0FD500263616 /* Release */ = {
			isa = XCBuildConfiguration;
			buildSettings = {
				ASSETCATALOG_COMPILER_APPICON_NAME = AppIcon;
				ASSETCATALOG_COMPILER_LAUNCHIMAGE_NAME = LaunchImage;
				GCC_PRECOMPILE_PREFIX_HEADER = YES;
				GCC_PREFIX_HEADER = "Task List/Task List-Prefix.pch";
				INFOPLIST_FILE = "Task List/Task List-Info.plist";
				PRODUCT_NAME = "$(TARGET_NAME)";
				WRAPPER_EXTENSION = app;
			};
			name = Release;
		};
		B0ED6006194C0FD500263616 /* Debug */ = {
			isa = XCBuildConfiguration;
			buildSettings = {
				BUNDLE_LOADER = "$(BUILT_PRODUCTS_DIR)/Task List.app/Task List";
				FRAMEWORK_SEARCH_PATHS = (
					"$(SDKROOT)/Developer/Library/Frameworks",
					"$(inherited)",
					"$(DEVELOPER_FRAMEWORKS_DIR)",
				);
				GCC_PRECOMPILE_PREFIX_HEADER = YES;
				GCC_PREFIX_HEADER = "Task List/Task List-Prefix.pch";
				GCC_PREPROCESSOR_DEFINITIONS = (
					"DEBUG=1",
					"$(inherited)",
				);
				INFOPLIST_FILE = "Task ListTests/Task ListTests-Info.plist";
				PRODUCT_NAME = "$(TARGET_NAME)";
				TEST_HOST = "$(BUNDLE_LOADER)";
				WRAPPER_EXTENSION = xctest;
			};
			name = Debug;
		};
		B0ED6007194C0FD500263616 /* Release */ = {
			isa = XCBuildConfiguration;
			buildSettings = {
				BUNDLE_LOADER = "$(BUILT_PRODUCTS_DIR)/Task List.app/Task List";
				FRAMEWORK_SEARCH_PATHS = (
					"$(SDKROOT)/Developer/Library/Frameworks",
					"$(inherited)",
					"$(DEVELOPER_FRAMEWORKS_DIR)",
				);
				GCC_PRECOMPILE_PREFIX_HEADER = YES;
				GCC_PREFIX_HEADER = "Task List/Task List-Prefix.pch";
				INFOPLIST_FILE = "Task ListTests/Task ListTests-Info.plist";
				PRODUCT_NAME = "$(TARGET_NAME)";
				TEST_HOST = "$(BUNDLE_LOADER)";
				WRAPPER_EXTENSION = xctest;
			};
			name = Release;
		};
/* End XCBuildConfiguration section */

/* Begin XCConfigurationList section */
		B0ED5FCB194C0FD500263616 /* Build configuration list for PBXProject "Task List" */ = {
			isa = XCConfigurationList;
			buildConfigurations = (
				B0ED6000194C0FD500263616 /* Debug */,
				B0ED6001194C0FD500263616 /* Release */,
			);
			defaultConfigurationIsVisible = 0;
			defaultConfigurationName = Release;
		};
		B0ED6002194C0FD500263616 /* Build configuration list for PBXNativeTarget "Task List" */ = {
			isa = XCConfigurationList;
			buildConfigurations = (
				B0ED6003194C0FD500263616 /* Debug */,
				B0ED6004194C0FD500263616 /* Release */,
			);
			defaultConfigurationIsVisible = 0;
		};
		B0ED6005194C0FD500263616 /* Build configuration list for PBXNativeTarget "Task ListTests" */ = {
			isa = XCConfigurationList;
			buildConfigurations = (
				B0ED6006194C0FD500263616 /* Debug */,
				B0ED6007194C0FD500263616 /* Release */,
			);
			defaultConfigurationIsVisible = 0;
		};
/* End XCConfigurationList section */
	};
	rootObject = B0ED5FC8194C0FD500263616 /* Project object */;
}
